
Microsoft Visual Studio Solution File, Format Version 12.00
# Visual Studio Version 17
VisualStudioVersion = 17.14.36414.22 d17.14
MinimumVisualStudioVersion = 10.0.40219.1
Project("{FAE04EC0-301F-11D3-BF4B-00C04F79EFBC}") = "ConnectN", "ConnectN\ConnectN.csproj", "{87570CCE-8CA3-47B3-9461-BEBBAEA95420}"
EndProject
Global
	GlobalSection(SolutionConfigurationPlatforms) = preSolution
		Debug|Any CPU = Debug|Any CPU
		Release|Any CPU = Release|Any CPU
	EndGlobalSection
	GlobalSection(ProjectConfigurationPlatforms) = postSolution
		{87570CCE-8CA3-47B3-9461-BEBBAEA95420}.Debug|Any CPU.ActiveCfg = Debug|Any CPU
		{87570CCE-8CA3-47B3-9461-BEBBAEA95420}.Debug|Any CPU.Build.0 = Debug|Any CPU
		{87570CCE-8CA3-47B3-9461-BEBBAEA95420}.Release|Any CPU.ActiveCfg = Release|Any CPU
		{87570CCE-8CA3-47B3-9461-BEBBAEA95420}.Release|Any CPU.Build.0 = Release|Any CPU
	EndGlobalSection
	GlobalSection(SolutionProperties) = preSolution
		HideSolutionNode = FALSE
	EndGlobalSection
	GlobalSection(ExtensibilityGlobals) = postSolution
		SolutionGuid = {60A62EB5-8795-471F-B43D-4EE9846E8826}
	EndGlobalSection
EndGlobal
